// !$*UTF8*$!
{
	archiveVersion = 1;
	classes = {
	};
	objectVersion = 77;
	objects = {

/* Begin PBXContainerItemProxy section */
		47201AB12E11CDFC00540883 /* PBXContainerItemProxy */ = {
			isa = PBXContainerItemProxy;
			containerPortal = 47201A962E11CDF700540883 /* Project object */;
			proxyType = 1;
			remoteGlobalIDString = 47201A9D2E11CDF700540883;
			remoteInfo = "Faith Journal";
		};
		47201ABB2E11CDFC00540883 /* PBXContainerItemProxy */ = {
			isa = PBXContainerItemProxy;
			containerPortal = 47201A962E11CDF700540883 /* Project object */;
			proxyType = 1;
			remoteGlobalIDString = 47201A9D2E11CDF700540883;
			remoteInfo = "Faith Journal";
		};
/* End PBXContainerItemProxy section */

/* Begin PBXFileSystemSynchronizedRootGroup section */
		47201AA02E11CDF700540883 /* Faith Journal */ = {
			isa = PBXFileSystemSynchronizedRootGroup;
			path = "Faith Journal";
			sourceTree = "<group>";
		};
		47201AB32E11CDFC00540883 /* Faith JournalTests */ = {
			isa = PBXFileSystemSynchronizedRootGroup;
			path = "Faith JournalTests";
			sourceTree = "<group>";
		};
		47201ABD2E11CDFC00540883 /* Faith JournalUITests */ = {
			isa = PBXFileSystemSynchronizedRootGroup;
			path = "Faith JournalUITests";
			sourceTree = "<group>";
		};
/* End PBXFileSystemSynchronizedRootGroup section */

/* Begin PBXFrameworksBuildPhase section */
		47201A9B2E11CDF700540883 /* Frameworks */ = {
			isa = PBXFrameworksBuildPhase;
			buildActionMask = 2147483647;
			files = (
			);
			runOnlyForDeploymentPostprocessing = 0;
		};
		47201AAD2E11CDFC00540883 /* Frameworks */ = {
			isa = PBXFrameworksBuildPhase;
			buildActionMask = 2147483647;
			files = (
			);
			runOnlyForDeploymentPostprocessing = 0;
		};
		47201AB72E11CDFC00540883 /* Frameworks */ = {
			isa = PBXFrameworksBuildPhase;
			buildActionMask = 2147483647;
			files = (
			);
			runOnlyForDeploymentPostprocessing = 0;
		};
/* End PBXFrameworksBuildPhase section */

/* Begin PBXGroup section */
		47201A952E11CDF700540883 = {
			isa = PBXGroup;
			children = (
				47201AA02E11CDF700540883 /* Faith Journal */,
				47201AB32E11CDFC00540883 /* Faith JournalTests */,
				47201ABD2E11CDFC00540883 /* Faith JournalUITests */,
				47201A9F2E11CDF700540883 /* Products */,
			);
			sourceTree = "<group>";
		};
		47201A9F2E11CDF700540883 /* Products */ = {
			isa = PBXGroup;
			children = (
			);
			name = Products;
			sourceTree = "<group>";
		};
/* End PBXGroup section */

/* Begin PBXNativeTarget section */
		47201A9D2E11CDF700540883 /* Faith Journal */ = {
			isa = PBXNativeTarget;
			buildConfigurationList = 47201AC42E11CDFC00540883 /* Build configuration list for PBXNativeTarget "Faith Journal" */;
			buildPhases = (
				47201A9A2E11CDF700540883 /* Sources */,
				47201A9B2E11CDF700540883 /* Frameworks */,
				47201A9C2E11CDF700540883 /* Resources */,
			);
			buildRules = (
			);
			dependencies = (
			);
			fileSystemSynchronizedGroups = (
				47201AA02E11CDF700540883 /* Faith Journal */,
			);
			name = "Faith Journal";
			productName = "Faith Journal";
			productType = "com.apple.product-type.application";
		};
		47201AAF2E11CDFC00540883 /* Faith JournalTests */ = {
			isa = PBXNativeTarget;
			buildConfigurationList = 47201AC72E11CDFC00540883 /* Build configuration list for PBXNativeTarget "Faith JournalTests" */;
			buildPhases = (
				47201AAC2E11CDFC00540883 /* Sources */,
				47201AAD2E11CDFC00540883 /* Frameworks */,
				47201AAE2E11CDFC00540883 /* Resources */,
			);
			buildRules = (
			);
			dependencies = (
				47201AB22E11CDFC00540883 /* PBXTargetDependency */,
			);
			fileSystemSynchronizedGroups = (
				47201AB32E11CDFC00540883 /* Faith JournalTests */,
			);
			name = "Faith JournalTests";
			productName = "Faith JournalTests";
			productType = "com.apple.product-type.bundle.unit-test";
		};
		47201AB92E11CDFC00540883 /* Faith JournalUITests */ = {
			isa = PBXNativeTarget;
			buildConfigurationList = 47201ACA2E11CDFC00540883 /* Build configuration list for PBXNativeTarget "Faith JournalUITests" */;
			buildPhases = (
				47201AB62E11CDFC00540883 /* Sources */,
				47201AB72E11CDFC00540883 /* Frameworks */,
				47201AB82E11CDFC00540883 /* Resources */,
			);
			buildRules = (
			);
			dependencies = (
				47201ABC2E11CDFC00540883 /* PBXTargetDependency */,
			);
			fileSystemSynchronizedGroups = (
				47201ABD2E11CDFC00540883 /* Faith JournalUITests */,
			);
			name = "Faith JournalUITests";
			productName = "Faith JournalUITests";
			productType = "com.apple.product-type.bundle.ui-testing";
		};
/* End PBXNativeTarget section */

/* Begin PBXProject section */
		47201A962E11CDF700540883 /* Project object */ = {
			isa = PBXProject;
			attributes = {
				BuildIndependentTargetsInParallel = 1;
				LastSwiftUpdateCheck = 1620;
				LastUpgradeCheck = 1620;
				TargetAttributes = {
					47201A9D2E11CDF700540883 = {
						CreatedOnToolsVersion = 16.2;
					};
					47201AAF2E11CDFC00540883 = {
						CreatedOnToolsVersion = 16.2;
						TestTargetID = 47201A9D2E11CDF700540883;
					};
					47201AB92E11CDFC00540883 = {
						CreatedOnToolsVersion = 16.2;
						TestTargetID = 47201A9D2E11CDF700540883;
					};
				};
			};
			buildConfigurationList = 47201A992E11CDF700540883 /* Build configuration list for PBXProject "Faith Journal" */;
			developmentRegion = en;
			hasScannedForEncodings = 0;
			knownRegions = (
				en,
				Base,
			);
			mainGroup = 47201A952E11CDF700540883;
			minimizedProjectReferenceProxies = 1;
			preferredProjectObjectVersion = 77;
			productRefGroup = 47201A9F2E11CDF700540883 /* Products */;
			projectDirPath = "";
			projectRoot = "";
			targets = (
				47201A9D2E11CDF700540883 /* Faith Journal */,
				47201AAF2E11CDFC00540883 /* Faith JournalTests */,
				47201AB92E11CDFC00540883 /* Faith JournalUITests */,
			);
		};
/* End PBXProject section */

/* Begin PBXResourcesBuildPhase section */
		47201A9C2E11CDF700540883 /* Resources */ = {
			isa = PBXResourcesBuildPhase;
			buildActionMask = 2147483647;
			files = (
			);
			runOnlyForDeploymentPostprocessing = 0;
		};
		47201AAE2E11CDFC00540883 /* Resources */ = {
			isa = PBXResourcesBuildPhase;
			buildActionMask = 2147483647;
			files = (
			);
			runOnlyForDeploymentPostprocessing = 0;
		};
		47201AB82E11CDFC00540883 /* Resources */ = {
			isa = PBXResourcesBuildPhase;
			buildActionMask = 2147483647;
			files = (
			);
			runOnlyForDeploymentPostprocessing = 0;
		};
/* End PBXResourcesBuildPhase section */

/* Begin PBXSourcesBuildPhase section */
		47201A9A2E11CDF700540883 /* Sources */ = {
			isa = PBXSourcesBuildPhase;
			buildActionMask = 2147483647;
			files = (
			);
			runOnlyForDeploymentPostprocessing = 0;
		};
		47201AAC2E11CDFC00540883 /* Sources */ = {
			isa = PBXSourcesBuildPhase;
			buildActionMask = 2147483647;
			files = (
			);
			runOnlyForDeploymentPostprocessing = 0;
		};
		47201AB62E11CDFC00540883 /* Sources */ = {
			isa = PBXSourcesBuildPhase;
			buildActionMask = 2147483647;
			files = (
			);
			runOnlyForDeploymentPostprocessing = 0;
		};
/* End PBXSourcesBuildPhase section */

/* Begin PBXTargetDependency section */
		47201AB22E11CDFC00540883 /* PBXTargetDependency */ = {
			isa = PBXTargetDependency;
			target = 47201A9D2E11CDF700540883 /* Faith Journal */;
			targetProxy = 47201AB12E11CDFC00540883 /* PBXContainerItemProxy */;
		};
		47201ABC2E11CDFC00540883 /* PBXTargetDependency */ = {
			isa = PBXTargetDependency;
			target = 47201A9D2E11CDF700540883 /* Faith Journal */;
			targetProxy = 47201ABB2E11CDFC00540883 /* PBXContainerItemProxy */;
		};
/* End PBXTargetDependency section */

/* Begin XCBuildConfiguration section */
		47201AC22E11CDFC00540883 /* Debug */ = {
			isa = XCBuildConfiguration;
			buildSettings = {
				ALWAYS_SEARCH_USER_PATHS = NO;
				ASSETCATALOG_COMPILER_GENERATE_SWIFT_ASSET_SYMBOL_EXTENSIONS = YES;
				CLANG_ANALYZER_NONNULL = YES;
				CLANG_ANALYZER_NUMBER_OBJECT_CONVERSION = YES_AGGRESSIVE;
				CLANG_CXX_LANGUAGE_STANDARD = "gnu++20";
				CLANG_ENABLE_MODULES = YES;
				CLANG_ENABLE_OBJC_ARC = YES;
				CLANG_ENABLE_OBJC_WEAK = YES;
				CLANG_WARN_BLOCK_CAPTURE_AUTORELEASING = YES;
				CLANG_WARN_BOOL_CONVERSION = YES;
				CLANG_WARN_COMMA = YES;
				CLANG_WARN_CONSTANT_CONVERSION = YES;
				CLANG_WARN_DEPRECATED_OBJC_IMPLEMENTATIONS = YES;
				CLANG_WARN_DIRECT_OBJC_ISA_USAGE = YES_ERROR;
				CLANG_WARN_DOCUMENTATION_COMMENTS = YES;
				CLANG_WARN_EMPTY_BODY = YES;
				CLANG_WARN_ENUM_CONVERSION = YES;
				CLANG_WARN_INFINITE_RECURSION = YES;
				CLANG_WARN_INT_CONVERSION = YES;
				CLANG_WARN_NON_LITERAL_NULL_CONVERSION = YES;
				CLANG_WARN_OBJC_IMPLICIT_RETAIN_SELF = YES;
				CLANG_WARN_OBJC_LITERAL_CONVERSION = YES;
				CLANG_WARN_OBJC_ROOT_CLASS = YES_ERROR;
				CLANG_WARN_QUOTED_INCLUDE_IN_FRAMEWORK_HEADER = YES;
				CLANG_WARN_RANGE_LOOP_ANALYSIS = YES;
				CLANG_WARN_STRICT_PROTOTYPES = YES;
				CLANG_WARN_SUSPICIOUS_MOVE = YES;
				CLANG_WARN_UNGUARDED_AVAILABILITY = YES_AGGRESSIVE;
				CLANG_WARN_UNREACHABLE_CODE = YES;
				CLANG_WARN__DUPLICATE_METHOD_MATCH = YES;
				COPY_PHASE_STRIP = NO;
				DEBUG_INFORMATION_FORMAT = dwarf;
				ENABLE_STRICT_OBJC_MSGSEND = YES;
				ENABLE_TESTABILITY = YES;
				ENABLE_USER_SCRIPT_SANDBOXING = YES;
				GCC_C_LANGUAGE_STANDARD = gnu17;
				GCC_DYNAMIC_NO_PIC = NO;
				GCC_NO_COMMON_BLOCKS = YES;
				GCC_OPTIMIZATION_LEVEL = 0;
				GCC_PREPROCESSOR_DEFINITIONS = (
					"DEBUG=1",
					"$(inherited)",
				);
				GCC_WARN_64_TO_32_BIT_CONVERSION = YES;
				GCC_WARN_ABOUT_RETURN_TYPE = YES_ERROR;
				GCC_WARN_UNDECLARED_SELECTOR = YES;
				GCC_WARN_UNINITIALIZED_AUTOS = YES_AGGRESSIVE;
				GCC_WARN_UNUSED_FUNCTION = YES;
				GCC_WARN_UNUSED_VARIABLE = YES;
				IPHONEOS_DEPLOYMENT_TARGET = 18.2;
				LOCALIZATION_PREFERS_STRING_CATALOGS = YES;
				MTL_ENABLE_DEBUG_INFO = INCLUDE_SOURCE;
				MTL_FAST_MATH = YES;
				ONLY_ACTIVE_ARCH = YES;
				SDKROOT = iphoneos;
				SWIFT_ACTIVE_COMPILATION_CONDITIONS = "DEBUG $(inherited)";
				SWIFT_OPTIMIZATION_LEVEL = "-Onone";
			};
			name = Debug;
		};
		47201AC32E11CDFC00540883 /* Release */ = {
			isa = XCBuildConfiguration;
			buildSettings = {
				ALWAYS_SEARCH_USER_PATHS = NO;
				ASSETCATALOG_COMPILER_GENERATE_SWIFT_ASSET_SYMBOL_EXTENSIONS = YES;
				CLANG_ANALYZER_NONNULL = YES;
				CLANG_ANALYZER_NUMBER_OBJECT_CONVERSION = YES_AGGRESSIVE;
				CLANG_CXX_LANGUAGE_STANDARD = "gnu++20";
				CLANG_ENABLE_MODULES = YES;
				CLANG_ENABLE_OBJC_ARC = YES;
				CLANG_ENABLE_OBJC_WEAK = YES;
				CLANG_WARN_BLOCK_CAPTURE_AUTORELEASING = YES;
				CLANG_WARN_BOOL_CONVERSION = YES;
				CLANG_WARN_COMMA = YES;
				CLANG_WARN_CONSTANT_CONVERSION = YES;
				CLANG_WARN_DEPRECATED_OBJC_IMPLEMENTATIONS = YES;
				CLANG_WARN_DIRECT_OBJC_ISA_USAGE = YES_ERROR;
				CLANG_WARN_DOCUMENTATION_COMMENTS = YES;
				CLANG_WARN_EMPTY_BODY = YES;
				CLANG_WARN_ENUM_CONVERSION = YES;
				CLANG_WARN_INFINITE_RECURSION = YES;
				CLANG_WARN_INT_CONVERSION = YES;
				CLANG_WARN_NON_LITERAL_NULL_CONVERSION = YES;
				CLANG_WARN_OBJC_IMPLICIT_RETAIN_SELF = YES;
				CLANG_WARN_OBJC_LITERAL_CONVERSION = YES;
				CLANG_WARN_OBJC_ROOT_CLASS = YES_ERROR;
				CLANG_WARN_QUOTED_INCLUDE_IN_FRAMEWORK_HEADER = YES;
				CLANG_WARN_RANGE_LOOP_ANALYSIS = YES;
				CLANG_WARN_STRICT_PROTOTYPES = YES;
				CLANG_WARN_SUSPICIOUS_MOVE = YES;
				CLANG_WARN_UNGUARDED_AVAILABILITY = YES_AGGRESSIVE;
				CLANG_WARN_UNREACHABLE_CODE = YES;
				CLANG_WARN__DUPLICATE_METHOD_MATCH = YES;
				COPY_PHASE_STRIP = NO;
				DEBUG_INFORMATION_FORMAT = "dwarf-with-dsym";
				ENABLE_NS_ASSERTIONS = NO;
				ENABLE_STRICT_OBJC_MSGSEND = YES;
				ENABLE_USER_SCRIPT_SANDBOXING = YES;
				GCC_C_LANGUAGE_STANDARD = gnu17;
				GCC_NO_COMMON_BLOCKS = YES;
				GCC_WARN_64_TO_32_BIT_CONVERSION = YES;
				GCC_WARN_ABOUT_RETURN_TYPE = YES_ERROR;
				GCC_WARN_UNDECLARED_SELECTOR = YES;
				GCC_WARN_UNINITIALIZED_AUTOS = YES_AGGRESSIVE;
				GCC_WARN_UNUSED_FUNCTION = YES;
				GCC_WARN_UNUSED_VARIABLE = YES;
				IPHONEOS_DEPLOYMENT_TARGET = 18.2;
				LOCALIZATION_PREFERS_STRING_CATALOGS = YES;
				MTL_ENABLE_DEBUG_INFO = NO;
				MTL_FAST_MATH = YES;
				SDKROOT = iphoneos;
				SWIFT_COMPILATION_MODE = wholemodule;
				VALIDATE_PRODUCT = YES;
			};
			name = Release;
		};
		47201AC52E11CDFC00540883 /* Debug */ = {
			isa = XCBuildConfiguration;
			buildSettings = {
				ASSETCATALOG_COMPILER_APPICON_NAME = AppIcon;
				ASSETCATALOG_COMPILER_GLOBAL_ACCENT_COLOR_NAME = AccentColor;
				CODE_SIGNING_ALLOWED = YES;
				CODE_SIGNING_REQUIRED = NO;
				CODE_SIGN_IDENTITY = "Apple Development";
				CODE_SIGN_STYLE = Automatic;
				CURRENT_PROJECT_VERSION = 14;
				DEBUG_INFORMATION_FORMAT = dwarf;
				DEVELOPMENT_ASSET_PATHS = "\"Faith Journal/Resources/Preview Content\"";
				DEVELOPMENT_TEAM = 4SQJ3AH62S;
				ENABLE_PREVIEWS = YES;
				ENABLE_TESTABILITY = YES;
				GENERATE_INFOPLIST_FILE = YES;
				INFOPLIST_KEY_CFBundleIconName = AppIcon;
				INFOPLIST_KEY_NSCameraUsageDescription = "Faith Journal needs access to your camera to take photos for journal entries and prayer requests.";
				INFOPLIST_KEY_NSFaceIDUsageDescription = "Faith Journal uses Face ID to securely access your private journal entries.";
				INFOPLIST_KEY_NSMicrophoneUsageDescription = "Faith Journal needs access to your microphone to record voice notes for journal entries and prayer requests.";
				INFOPLIST_KEY_NSPhotoLibraryUsageDescription = "Faith Journal needs access to your photo library to select photos for journal entries and prayer requests.";
				INFOPLIST_KEY_NSSpeechRecognitionUsageDescription = "Faith Journal needs access to speech recognition to convert your voice to text for journal entries and prayer requests.";
				INFOPLIST_KEY_UIApplicationSceneManifest_Generation = YES;
				INFOPLIST_KEY_UIApplicationSupportsIndirectInputEvents = YES;
				INFOPLIST_KEY_UILaunchScreen_Generation = YES;
				INFOPLIST_KEY_UISupportedInterfaceOrientations_iPad = "UIInterfaceOrientationPortrait UIInterfaceOrientationPortraitUpsideDown UIInterfaceOrientationLandscapeLeft UIInterfaceOrientationLandscapeRight";
				INFOPLIST_KEY_UISupportedInterfaceOrientations_iPhone = "UIInterfaceOrientationPortrait UIInterfaceOrientationLandscapeLeft UIInterfaceOrientationLandscapeRight";
				LD_RUNPATH_SEARCH_PATHS = (
					"$(inherited)",
					"@executable_path/Frameworks",
				);
				MARKETING_VERSION = 3.5;
				PRODUCT_BUNDLE_IDENTIFIER = com.ronellbradley.FaithJournal;
				PRODUCT_NAME = "$(TARGET_NAME)";
				SWIFT_EMIT_LOC_STRINGS = YES;
				SWIFT_VERSION = 5.0;
				TARGETED_DEVICE_FAMILY = "1,2";
			};
			name = Debug;
		};
		47201AC62E11CDFC00540883 /* Release */ = {
			isa = XCBuildConfiguration;
			buildSettings = {
				ASSETCATALOG_COMPILER_APPICON_NAME = AppIcon;
				ASSETCATALOG_COMPILER_GLOBAL_ACCENT_COLOR_NAME = AccentColor;
				CODE_SIGNING_ALLOWED = YES;
				CODE_SIGNING_REQUIRED = YES;
				CODE_SIGN_IDENTITY = "Apple Development";
				CODE_SIGN_STYLE = Automatic;
				CURRENT_PROJECT_VERSION = 14;
				DEVELOPMENT_ASSET_PATHS = "\"Faith Journal/Resources/Preview Content\"";
				DEVELOPMENT_TEAM = 4SQJ3AH62S;
				ENABLE_PREVIEWS = YES;
				GENERATE_INFOPLIST_FILE = YES;
				INFOPLIST_KEY_CFBundleIconName = AppIcon;
				INFOPLIST_KEY_NSCameraUsageDescription = "Faith Journal needs access to your camera to take photos for journal entries and prayer requests.";
				INFOPLIST_KEY_NSFaceIDUsageDescription = "Faith Journal uses Face ID to securely access your private journal entries.";
				INFOPLIST_KEY_NSMicrophoneUsageDescription = "Faith Journal needs access to your microphone to record voice notes for journal entries and prayer requests.";
				INFOPLIST_KEY_NSPhotoLibraryUsageDescription = "Faith Journal needs access to your photo library to select photos for journal entries and prayer requests.";
				INFOPLIST_KEY_NSSpeechRecognitionUsageDescription = "Faith Journal needs access to speech recognition to convert your voice to text for journal entries and prayer requests.";
				INFOPLIST_KEY_UIApplicationSceneManifest_Generation = YES;
				INFOPLIST_KEY_UIApplicationSupportsIndirectInputEvents = YES;
				INFOPLIST_KEY_UILaunchScreen_Generation = YES;
				INFOPLIST_KEY_UISupportedInterfaceOrientations_iPad = "UIInterfaceOrientationPortrait UIInterfaceOrientationPortraitUpsideDown UIInterfaceOrientationLandscapeLeft UIInterfaceOrientationLandscapeRight";
				INFOPLIST_KEY_UISupportedInterfaceOrientations_iPhone = "UIInterfaceOrientationPortrait UIInterfaceOrientationLandscapeLeft UIInterfaceOrientationLandscapeRight";
				LD_RUNPATH_SEARCH_PATHS = (
					"$(inherited)",
					"@executable_path/Frameworks",
				);
				MARKETING_VERSION = 3.5;
				PRODUCT_BUNDLE_IDENTIFIER = com.ronellbradley.FaithJournal;
				PRODUCT_NAME = "$(TARGET_NAME)";
				PROVISIONING_PROFILE_SPECIFIER = "";
				SWIFT_EMIT_LOC_STRINGS = YES;
				SWIFT_VERSION = 5.0;
				TARGETED_DEVICE_FAMILY = "1,2";
			};
			name = Release;
		};
		47201AC82E11CDFC00540883 /* Debug */ = {
			isa = XCBuildConfiguration;
			buildSettings = {
				BUNDLE_LOADER = "$(TEST_HOST)";
				CODE_SIGN_STYLE = Automatic;
				CURRENT_PROJECT_VERSION = 14;
				GENERATE_INFOPLIST_FILE = YES;
				IPHONEOS_DEPLOYMENT_TARGET = 18.2;
				MARKETING_VERSION = 3.5;
				PRODUCT_BUNDLE_IDENTIFIER = com.ronellbradley.FaithJournalTests;
				PRODUCT_NAME = "$(TARGET_NAME)";
				SWIFT_EMIT_LOC_STRINGS = NO;
				SWIFT_VERSION = 5.0;
				TARGETED_DEVICE_FAMILY = "1,2";
				TEST_HOST = "$(BUILT_PRODUCTS_DIR)/Faith Journal.app/$(BUNDLE_EXECUTABLE_FOLDER_PATH)/Faith Journal";
			};
			name = Debug;
		};
		47201AC92E11CDFC00540883 /* Release */ = {
			isa = XCBuildConfiguration;
			buildSettings = {
				BUNDLE_LOADER = "$(TEST_HOST)";
				CODE_SIGN_STYLE = Automatic;
				CURRENT_PROJECT_VERSION = 14;
				GENERATE_INFOPLIST_FILE = YES;
				IPHONEOS_DEPLOYMENT_TARGET = 18.2;
				MARKETING_VERSION = 3.5;
				PRODUCT_BUNDLE_IDENTIFIER = com.ronellbradley.FaithJournalTests;
				PRODUCT_NAME = "$(TARGET_NAME)";
				SWIFT_EMIT_LOC_STRINGS = NO;
				SWIFT_VERSION = 5.0;
				TARGETED_DEVICE_FAMILY = "1,2";
				TEST_HOST = "$(BUILT_PRODUCTS_DIR)/Faith Journal.app/$(BUNDLE_EXECUTABLE_FOLDER_PATH)/Faith Journal";
			};
			name = Release;
		};
		47201ACB2E11CDFC00540883 /* Debug */ = {
			isa = XCBuildConfiguration;
			buildSettings = {
				CODE_SIGN_STYLE = Automatic;
				CURRENT_PROJECT_VERSION = 14;
				GENERATE_INFOPLIST_FILE = YES;
				MARKETING_VERSION = 3.5;
				PRODUCT_BUNDLE_IDENTIFIER = com.ronellbradley.FaithJournalUITests;
				PRODUCT_NAME = "$(TARGET_NAME)";
				SWIFT_EMIT_LOC_STRINGS = NO;
				SWIFT_VERSION = 5.0;
				TARGETED_DEVICE_FAMILY = "1,2";
				TEST_TARGET_NAME = "Faith Journal";
			};
			name = Debug;
		};
		47201ACC2E11CDFC00540883 /* Release */ = {
			isa = XCBuildConfiguration;
			buildSettings = {
				CODE_SIGN_STYLE = Automatic;
				CURRENT_PROJECT_VERSION = 14;
				GENERATE_INFOPLIST_FILE = YES;
				MARKETING_VERSION = 3.5;
				PRODUCT_BUNDLE_IDENTIFIER = com.ronellbradley.FaithJournalUITests;
				PRODUCT_NAME = "$(TARGET_NAME)";
				SWIFT_EMIT_LOC_STRINGS = NO;
				SWIFT_VERSION = 5.0;
				TARGETED_DEVICE_FAMILY = "1,2";
				TEST_TARGET_NAME = "Faith Journal";
			};
			name = Release;
		};
/* End XCBuildConfiguration section */

/* Begin XCConfigurationList section */
		47201A992E11CDF700540883 /* Build configuration list for PBXProject "Faith Journal" */ = {
			isa = XCConfigurationList;
			buildConfigurations = (
				47201AC22E11CDFC00540883 /* Debug */,
				47201AC32E11CDFC00540883 /* Release */,
			);
			defaultConfigurationIsVisible = 0;
			defaultConfigurationName = Release;
		};
		47201AC42E11CDFC00540883 /* Build configuration list for PBXNativeTarget "Faith Journal" */ = {
			isa = XCConfigurationList;
			buildConfigurations = (
				47201AC52E11CDFC00540883 /* Debug */,
				47201AC62E11CDFC00540883 /* Release */,
			);
			defaultConfigurationIsVisible = 0;
			defaultConfigurationName = Release;
		};
		47201AC72E11CDFC00540883 /* Build configuration list for PBXNativeTarget "Faith JournalTests" */ = {
			isa = XCConfigurationList;
			buildConfigurations = (
				47201AC82E11CDFC00540883 /* Debug */,
				47201AC92E11CDFC00540883 /* Release */,
			);
			defaultConfigurationIsVisible = 0;
			defaultConfigurationName = Release;
		};
		47201ACA2E11CDFC00540883 /* Build configuration list for PBXNativeTarget "Faith JournalUITests" */ = {
			isa = XCConfigurationList;
			buildConfigurations = (
				47201ACB2E11CDFC00540883 /* Debug */,
				47201ACC2E11CDFC00540883 /* Release */,
			);
			defaultConfigurationIsVisible = 0;
			defaultConfigurationName = Release;
		};
/* End XCConfigurationList section */
	};
	rootObject = 47201A962E11CDF700540883 /* Project object */;
}
